// !$*UTF8*$!
{
	archiveVersion = 1;
	classes = {
	};
	objectVersion = 48;
	objects = {

/* Begin PBXBuildFile section */
		2D77CF6A1F76A49800AABCBE /* AppDelegate.swift in Sources */ = {isa = PBXBuildFile; fileRef = 2D77CF691F76A49800AABCBE /* AppDelegate.swift */; };
		2D77CF6C1F76A49800AABCBE /* ViewController.swift in Sources */ = {isa = PBXBuildFile; fileRef = 2D77CF6B1F76A49800AABCBE /* ViewController.swift */; };
		2D77CF6F1F76A49800AABCBE /* Main.storyboard in Resources */ = {isa = PBXBuildFile; fileRef = 2D77CF6D1F76A49800AABCBE /* Main.storyboard */; };
		2D77CF711F76A49800AABCBE /* Assets.xcassets in Resources */ = {isa = PBXBuildFile; fileRef = 2D77CF701F76A49800AABCBE /* Assets.xcassets */; };
		2D77CF741F76A49800AABCBE /* LaunchScreen.storyboard in Resources */ = {isa = PBXBuildFile; fileRef = 2D77CF721F76A49800AABCBE /* LaunchScreen.storyboard */; };
		2D77CF7F1F76A49800AABCBE /* Person_UITests.swift in Sources */ = {isa = PBXBuildFile; fileRef = 2D77CF7E1F76A49800AABCBE /* Person_UITests.swift */; };
		2D77CF8A1F76A49800AABCBE /* Person_UIUITests.swift in Sources */ = {isa = PBXBuildFile; fileRef = 2D77CF891F76A49800AABCBE /* Person_UIUITests.swift */; };
/* End PBXBuildFile section */

/* Begin PBXContainerItemProxy section */
		2D77CF7B1F76A49800AABCBE /* PBXContainerItemProxy */ = {
			isa = PBXContainerItemProxy;
			containerPortal = 2D77CF5E1F76A49800AABCBE /* Project object */;
			proxyType = 1;
			remoteGlobalIDString = 2D77CF651F76A49800AABCBE;
			remoteInfo = "Person UI";
		};
		2D77CF861F76A49800AABCBE /* PBXContainerItemProxy */ = {
			isa = PBXContainerItemProxy;
			containerPortal = 2D77CF5E1F76A49800AABCBE /* Project object */;
			proxyType = 1;
			remoteGlobalIDString = 2D77CF651F76A49800AABCBE;
			remoteInfo = "Person UI";
		};
/* End PBXContainerItemProxy section */

/* Begin PBXFileReference section */
		2D77CF661F76A49800AABCBE /* Person UI.app */ = {isa = PBXFileReference; explicitFileType = wrapper.application; includeInIndex = 0; path = "Person UI.app"; sourceTree = BUILT_PRODUCTS_DIR; };
		2D77CF691F76A49800AABCBE /* AppDelegate.swift */ = {isa = PBXFileReference; lastKnownFileType = sourcecode.swift; path = AppDelegate.swift; sourceTree = "<group>"; };
		2D77CF6B1F76A49800AABCBE /* ViewController.swift */ = {isa = PBXFileReference; lastKnownFileType = sourcecode.swift; path = ViewController.swift; sourceTree = "<group>"; };
		2D77CF6E1F76A49800AABCBE /* Base */ = {isa = PBXFileReference; lastKnownFileType = file.storyboard; name = Base; path = Base.lproj/Main.storyboard; sourceTree = "<group>"; };
		2D77CF701F76A49800AABCBE /* Assets.xcassets */ = {isa = PBXFileReference; lastKnownFileType = folder.assetcatalog; path = Assets.xcassets; sourceTree = "<group>"; };
		2D77CF731F76A49800AABCBE /* Base */ = {isa = PBXFileReference; lastKnownFileType = file.storyboard; name = Base; path = Base.lproj/LaunchScreen.storyboard; sourceTree = "<group>"; };
		2D77CF751F76A49800AABCBE /* Info.plist */ = {isa = PBXFileReference; lastKnownFileType = text.plist.xml; path = Info.plist; sourceTree = "<group>"; };
		2D77CF7A1F76A49800AABCBE /* Person UITests.xctest */ = {isa = PBXFileReference; explicitFileType = wrapper.cfbundle; includeInIndex = 0; path = "Person UITests.xctest"; sourceTree = BUILT_PRODUCTS_DIR; };
		2D77CF7E1F76A49800AABCBE /* Person_UITests.swift */ = {isa = PBXFileReference; lastKnownFileType = sourcecode.swift; path = Person_UITests.swift; sourceTree = "<group>"; };
		2D77CF801F76A49800AABCBE /* Info.plist */ = {isa = PBXFileReference; lastKnownFileType = text.plist.xml; path = Info.plist; sourceTree = "<group>"; };
		2D77CF851F76A49800AABCBE /* Person UIUITests.xctest */ = {isa = PBXFileReference; explicitFileType = wrapper.cfbundle; includeInIndex = 0; path = "Person UIUITests.xctest"; sourceTree = BUILT_PRODUCTS_DIR; };
		2D77CF891F76A49800AABCBE /* Person_UIUITests.swift */ = {isa = PBXFileReference; lastKnownFileType = sourcecode.swift; path = Person_UIUITests.swift; sourceTree = "<group>"; };
		2D77CF8B1F76A49800AABCBE /* Info.plist */ = {isa = PBXFileReference; lastKnownFileType = text.plist.xml; path = Info.plist; sourceTree = "<group>"; };
/* End PBXFileReference section */

/* Begin PBXFrameworksBuildPhase section */
		2D77CF631F76A49800AABCBE /* Frameworks */ = {
			isa = PBXFrameworksBuildPhase;
			buildActionMask = 2147483647;
			files = (
			);
			runOnlyForDeploymentPostprocessing = 0;
		};
		2D77CF771F76A49800AABCBE /* Frameworks */ = {
			isa = PBXFrameworksBuildPhase;
			buildActionMask = 2147483647;
			files = (
			);
			runOnlyForDeploymentPostprocessing = 0;
		};
		2D77CF821F76A49800AABCBE /* Frameworks */ = {
			isa = PBXFrameworksBuildPhase;
			buildActionMask = 2147483647;
			files = (
			);
			runOnlyForDeploymentPostprocessing = 0;
		};
/* End PBXFrameworksBuildPhase section */

/* Begin PBXGroup section */
		2D77CF5D1F76A49800AABCBE = {
			isa = PBXGroup;
			children = (
				2D77CF681F76A49800AABCBE /* Person UI */,
				2D77CF7D1F76A49800AABCBE /* Person UITests */,
				2D77CF881F76A49800AABCBE /* Person UIUITests */,
				2D77CF671F76A49800AABCBE /* Products */,
			);
			sourceTree = "<group>";
		};
		2D77CF671F76A49800AABCBE /* Products */ = {
			isa = PBXGroup;
			children = (
				2D77CF661F76A49800AABCBE /* Person UI.app */,
				2D77CF7A1F76A49800AABCBE /* Person UITests.xctest */,
				2D77CF851F76A49800AABCBE /* Person UIUITests.xctest */,
			);
			name = Products;
			sourceTree = "<group>";
		};
		2D77CF681F76A49800AABCBE /* Person UI */ = {
			isa = PBXGroup;
			children = (
				2D77CF691F76A49800AABCBE /* AppDelegate.swift */,
				2D77CF6B1F76A49800AABCBE /* ViewController.swift */,
				2D77CF6D1F76A49800AABCBE /* Main.storyboard */,
				2D77CF701F76A49800AABCBE /* Assets.xcassets */,
				2D77CF721F76A49800AABCBE /* LaunchScreen.storyboard */,
				2D77CF751F76A49800AABCBE /* Info.plist */,
			);
			path = "Person UI";
			sourceTree = "<group>";
		};
		2D77CF7D1F76A49800AABCBE /* Person UITests */ = {
			isa = PBXGroup;
			children = (
				2D77CF7E1F76A49800AABCBE /* Person_UITests.swift */,
				2D77CF801F76A49800AABCBE /* Info.plist */,
			);
			path = "Person UITests";
			sourceTree = "<group>";
		};
		2D77CF881F76A49800AABCBE /* Person UIUITests */ = {
			isa = PBXGroup;
			children = (
				2D77CF891F76A49800AABCBE /* Person_UIUITests.swift */,
				2D77CF8B1F76A49800AABCBE /* Info.plist */,
			);
			path = "Person UIUITests";
			sourceTree = "<group>";
		};
/* End PBXGroup section */

/* Begin PBXNativeTarget section */
		2D77CF651F76A49800AABCBE /* Person UI */ = {
			isa = PBXNativeTarget;
			buildConfigurationList = 2D77CF8E1F76A49800AABCBE /* Build configuration list for PBXNativeTarget "Person UI" */;
			buildPhases = (
				2D77CF621F76A49800AABCBE /* Sources */,
				2D77CF631F76A49800AABCBE /* Frameworks */,
				2D77CF641F76A49800AABCBE /* Resources */,
			);
			buildRules = (
			);
			dependencies = (
			);
			name = "Person UI";
			productName = "Person UI";
			productReference = 2D77CF661F76A49800AABCBE /* Person UI.app */;
			productType = "com.apple.product-type.application";
		};
		2D77CF791F76A49800AABCBE /* Person UITests */ = {
			isa = PBXNativeTarget;
			buildConfigurationList = 2D77CF911F76A49800AABCBE /* Build configuration list for PBXNativeTarget "Person UITests" */;
			buildPhases = (
				2D77CF761F76A49800AABCBE /* Sources */,
				2D77CF771F76A49800AABCBE /* Frameworks */,
				2D77CF781F76A49800AABCBE /* Resources */,
			);
			buildRules = (
			);
			dependencies = (
				2D77CF7C1F76A49800AABCBE /* PBXTargetDependency */,
			);
			name = "Person UITests";
			productName = "Person UITests";
			productReference = 2D77CF7A1F76A49800AABCBE /* Person UITests.xctest */;
			productType = "com.apple.product-type.bundle.unit-test";
		};
		2D77CF841F76A49800AABCBE /* Person UIUITests */ = {
			isa = PBXNativeTarget;
			buildConfigurationList = 2D77CF941F76A49800AABCBE /* Build configuration list for PBXNativeTarget "Person UIUITests" */;
			buildPhases = (
				2D77CF811F76A49800AABCBE /* Sources */,
				2D77CF821F76A49800AABCBE /* Frameworks */,
				2D77CF831F76A49800AABCBE /* Resources */,
			);
			buildRules = (
			);
			dependencies = (
				2D77CF871F76A49800AABCBE /* PBXTargetDependency */,
			);
			name = "Person UIUITests";
			productName = "Person UIUITests";
			productReference = 2D77CF851F76A49800AABCBE /* Person UIUITests.xctest */;
			productType = "com.apple.product-type.bundle.ui-testing";
		};
/* End PBXNativeTarget section */

/* Begin PBXProject section */
		2D77CF5E1F76A49800AABCBE /* Project object */ = {
			isa = PBXProject;
			attributes = {
				LastSwiftUpdateCheck = 0900;
				LastUpgradeCheck = 0900;
				ORGANIZATIONNAME = "Tech Innovator";
				TargetAttributes = {
					2D77CF651F76A49800AABCBE = {
						CreatedOnToolsVersion = 9.0;
						ProvisioningStyle = Automatic;
					};
					2D77CF791F76A49800AABCBE = {
						CreatedOnToolsVersion = 9.0;
						ProvisioningStyle = Automatic;
						TestTargetID = 2D77CF651F76A49800AABCBE;
					};
					2D77CF841F76A49800AABCBE = {
						CreatedOnToolsVersion = 9.0;
						ProvisioningStyle = Automatic;
						TestTargetID = 2D77CF651F76A49800AABCBE;
					};
				};
			};
			buildConfigurationList = 2D77CF611F76A49800AABCBE /* Build configuration list for PBXProject "Person UI" */;
			compatibilityVersion = "Xcode 8.0";
			developmentRegion = en;
			hasScannedForEncodings = 0;
			knownRegions = (
				en,
				Base,
			);
			mainGroup = 2D77CF5D1F76A49800AABCBE;
			productRefGroup = 2D77CF671F76A49800AABCBE /* Products */;
			projectDirPath = "";
			projectRoot = "";
			targets = (
				2D77CF651F76A49800AABCBE /* Person UI */,
				2D77CF791F76A49800AABCBE /* Person UITests */,
				2D77CF841F76A49800AABCBE /* Person UIUITests */,
			);
		};
/* End PBXProject section */

/* Begin PBXResourcesBuildPhase section */
		2D77CF641F76A49800AABCBE /* Resources */ = {
			isa = PBXResourcesBuildPhase;
			buildActionMask = 2147483647;
			files = (
				2D77CF741F76A49800AABCBE /* LaunchScreen.storyboard in Resources */,
				2D77CF711F76A49800AABCBE /* Assets.xcassets in Resources */,
				2D77CF6F1F76A49800AABCBE /* Main.storyboard in Resources */,
			);
			runOnlyForDeploymentPostprocessing = 0;
		};
		2D77CF781F76A49800AABCBE /* Resources */ = {
			isa = PBXResourcesBuildPhase;
			buildActionMask = 2147483647;
			files = (
			);
			runOnlyForDeploymentPostprocessing = 0;
		};
		2D77CF831F76A49800AABCBE /* Resources */ = {
			isa = PBXResourcesBuildPhase;
			buildActionMask = 2147483647;
			files = (
			);
			runOnlyForDeploymentPostprocessing = 0;
		};
/* End PBXResourcesBuildPhase section */

/* Begin PBXSourcesBuildPhase section */
		2D77CF621F76A49800AABCBE /* Sources */ = {
			isa = PBXSourcesBuildPhase;
			buildActionMask = 2147483647;
			files = (
				2D77CF6C1F76A49800AABCBE /* ViewController.swift in Sources */,
				2D77CF6A1F76A49800AABCBE /* AppDelegate.swift in Sources */,
			);
			runOnlyForDeploymentPostprocessing = 0;
		};
		2D77CF761F76A49800AABCBE /* Sources */ = {
			isa = PBXSourcesBuildPhase;
			buildActionMask = 2147483647;
			files = (
				2D77CF7F1F76A49800AABCBE /* Person_UITests.swift in Sources */,
			);
			runOnlyForDeploymentPostprocessing = 0;
		};
		2D77CF811F76A49800AABCBE /* Sources */ = {
			isa = PBXSourcesBuildPhase;
			buildActionMask = 2147483647;
			files = (
				2D77CF8A1F76A49800AABCBE /* Person_UIUITests.swift in Sources */,
			);
			runOnlyForDeploymentPostprocessing = 0;
		};
/* End PBXSourcesBuildPhase section */

/* Begin PBXTargetDependency section */
		2D77CF7C1F76A49800AABCBE /* PBXTargetDependency */ = {
			isa = PBXTargetDependency;
			target = 2D77CF651F76A49800AABCBE /* Person UI */;
			targetProxy = 2D77CF7B1F76A49800AABCBE /* PBXContainerItemProxy */;
		};
		2D77CF871F76A49800AABCBE /* PBXTargetDependency */ = {
			isa = PBXTargetDependency;
			target = 2D77CF651F76A49800AABCBE /* Person UI */;
			targetProxy = 2D77CF861F76A49800AABCBE /* PBXContainerItemProxy */;
		};
/* End PBXTargetDependency section */

/* Begin PBXVariantGroup section */
		2D77CF6D1F76A49800AABCBE /* Main.storyboard */ = {
			isa = PBXVariantGroup;
			children = (
				2D77CF6E1F76A49800AABCBE /* Base */,
			);
			name = Main.storyboard;
			sourceTree = "<group>";
		};
		2D77CF721F76A49800AABCBE /* LaunchScreen.storyboard */ = {
			isa = PBXVariantGroup;
			children = (
				2D77CF731F76A49800AABCBE /* Base */,
			);
			name = LaunchScreen.storyboard;
			sourceTree = "<group>";
		};
/* End PBXVariantGroup section */

/* Begin XCBuildConfiguration section */
		2D77CF8C1F76A49800AABCBE /* Debug */ = {
			isa = XCBuildConfiguration;
			buildSettings = {
				ALWAYS_SEARCH_USER_PATHS = NO;
				CLANG_ANALYZER_NONNULL = YES;
				CLANG_ANALYZER_NUMBER_OBJECT_CONVERSION = YES_AGGRESSIVE;
				CLANG_CXX_LANGUAGE_STANDARD = "gnu++14";
				CLANG_CXX_LIBRARY = "libc++";
				CLANG_ENABLE_MODULES = YES;
				CLANG_ENABLE_OBJC_ARC = YES;
				CLANG_WARN_BLOCK_CAPTURE_AUTORELEASING = YES;
				CLANG_WARN_BOOL_CONVERSION = YES;
				CLANG_WARN_COMMA = YES;
				CLANG_WARN_CONSTANT_CONVERSION = YES;
				CLANG_WARN_DIRECT_OBJC_ISA_USAGE = YES_ERROR;
				CLANG_WARN_DOCUMENTATION_COMMENTS = YES;
				CLANG_WARN_EMPTY_BODY = YES;
				CLANG_WARN_ENUM_CONVERSION = YES;
				CLANG_WARN_INFINITE_RECURSION = YES;
				CLANG_WARN_INT_CONVERSION = YES;
				CLANG_WARN_NON_LITERAL_NULL_CONVERSION = YES;
				CLANG_WARN_OBJC_LITERAL_CONVERSION = YES;
				CLANG_WARN_OBJC_ROOT_CLASS = YES_ERROR;
				CLANG_WARN_RANGE_LOOP_ANALYSIS = YES;
				CLANG_WARN_STRICT_PROTOTYPES = YES;
				CLANG_WARN_SUSPICIOUS_MOVE = YES;
				CLANG_WARN_UNGUARDED_AVAILABILITY = YES_AGGRESSIVE;
				CLANG_WARN_UNREACHABLE_CODE = YES;
				CLANG_WARN__DUPLICATE_METHOD_MATCH = YES;
				CODE_SIGN_IDENTITY = "iPhone Developer";
				COPY_PHASE_STRIP = NO;
				DEBUG_INFORMATION_FORMAT = dwarf;
				ENABLE_STRICT_OBJC_MSGSEND = YES;
				ENABLE_TESTABILITY = YES;
				GCC_C_LANGUAGE_STANDARD = gnu11;
				GCC_DYNAMIC_NO_PIC = NO;
				GCC_NO_COMMON_BLOCKS = YES;
				GCC_OPTIMIZATION_LEVEL = 0;
				GCC_PREPROCESSOR_DEFINITIONS = (
					"DEBUG=1",
					"$(inherited)",
				);
				GCC_WARN_64_TO_32_BIT_CONVERSION = YES;
				GCC_WARN_ABOUT_RETURN_TYPE = YES_ERROR;
				GCC_WARN_UNDECLARED_SELECTOR = YES;
				GCC_WARN_UNINITIALIZED_AUTOS = YES_AGGRESSIVE;
				GCC_WARN_UNUSED_FUNCTION = YES;
				GCC_WARN_UNUSED_VARIABLE = YES;
				IPHONEOS_DEPLOYMENT_TARGET = 11.0;
				MTL_ENABLE_DEBUG_INFO = YES;
				ONLY_ACTIVE_ARCH = YES;
				SDKROOT = iphoneos;
				SWIFT_ACTIVE_COMPILATION_CONDITIONS = DEBUG;
				SWIFT_OPTIMIZATION_LEVEL = "-Onone";
			};
			name = Debug;
		};
		2D77CF8D1F76A49800AABCBE /* Release */ = {
			isa = XCBuildConfiguration;
			buildSettings = {
				ALWAYS_SEARCH_USER_PATHS = NO;
				CLANG_ANALYZER_NONNULL = YES;
				CLANG_ANALYZER_NUMBER_OBJECT_CONVERSION = YES_AGGRESSIVE;
				CLANG_CXX_LANGUAGE_STANDARD = "gnu++14";
				CLANG_CXX_LIBRARY = "libc++";
				CLANG_ENABLE_MODULES = YES;
				CLANG_ENABLE_OBJC_ARC = YES;
				CLANG_WARN_BLOCK_CAPTURE_AUTORELEASING = YES;
				CLANG_WARN_BOOL_CONVERSION = YES;
				CLANG_WARN_COMMA = YES;
				CLANG_WARN_CONSTANT_CONVERSION = YES;
				CLANG_WARN_DIRECT_OBJC_ISA_USAGE = YES_ERROR;
				CLANG_WARN_DOCUMENTATION_COMMENTS = YES;
				CLANG_WARN_EMPTY_BODY = YES;
				CLANG_WARN_ENUM_CONVERSION = YES;
				CLANG_WARN_INFINITE_RECURSION = YES;
				CLANG_WARN_INT_CONVERSION = YES;
				CLANG_WARN_NON_LITERAL_NULL_CONVERSION = YES;
				CLANG_WARN_OBJC_LITERAL_CONVERSION = YES;
				CLANG_WARN_OBJC_ROOT_CLASS = YES_ERROR;
				CLANG_WARN_RANGE_LOOP_ANALYSIS = YES;
				CLANG_WARN_STRICT_PROTOTYPES = YES;
				CLANG_WARN_SUSPICIOUS_MOVE = YES;
				CLANG_WARN_UNGUARDED_AVAILABILITY = YES_AGGRESSIVE;
				CLANG_WARN_UNREACHABLE_CODE = YES;
				CLANG_WARN__DUPLICATE_METHOD_MATCH = YES;
				CODE_SIGN_IDENTITY = "iPhone Developer";
				COPY_PHASE_STRIP = NO;
				DEBUG_INFORMATION_FORMAT = "dwarf-with-dsym";
				ENABLE_NS_ASSERTIONS = NO;
				ENABLE_STRICT_OBJC_MSGSEND = YES;
				GCC_C_LANGUAGE_STANDARD = gnu11;
				GCC_NO_COMMON_BLOCKS = YES;
				GCC_WARN_64_TO_32_BIT_CONVERSION = YES;
				GCC_WARN_ABOUT_RETURN_TYPE = YES_ERROR;
				GCC_WARN_UNDECLARED_SELECTOR = YES;
				GCC_WARN_UNINITIALIZED_AUTOS = YES_AGGRESSIVE;
				GCC_WARN_UNUSED_FUNCTION = YES;
				GCC_WARN_UNUSED_VARIABLE = YES;
				IPHONEOS_DEPLOYMENT_TARGET = 11.0;
				MTL_ENABLE_DEBUG_INFO = NO;
				SDKROOT = iphoneos;
				SWIFT_OPTIMIZATION_LEVEL = "-Owholemodule";
				VALIDATE_PRODUCT = YES;
			};
			name = Release;
		};
		2D77CF8F1F76A49800AABCBE /* Debug */ = {
			isa = XCBuildConfiguration;
			buildSettings = {
				ASSETCATALOG_COMPILER_APPICON_NAME = AppIcon;
				CODE_SIGN_STYLE = Automatic;
				INFOPLIST_FILE = "Person UI/Info.plist";
				LD_RUNPATH_SEARCH_PATHS = "$(inherited) @executable_path/Frameworks";
				PRODUCT_BUNDLE_IDENTIFIER = "online.techinnovator.Person-UI";
				PRODUCT_NAME = "$(TARGET_NAME)";
				SWIFT_VERSION = 4.0;
				TARGETED_DEVICE_FAMILY = "1,2";
			};
			name = Debug;
		};
		2D77CF901F76A49800AABCBE /* Release */ = {
			isa = XCBuildConfiguration;
			buildSettings = {
				ASSETCATALOG_COMPILER_APPICON_NAME = AppIcon;
				CODE_SIGN_STYLE = Automatic;
				INFOPLIST_FILE = "Person UI/Info.plist";
				LD_RUNPATH_SEARCH_PATHS = "$(inherited) @executable_path/Frameworks";
				PRODUCT_BUNDLE_IDENTIFIER = "online.techinnovator.Person-UI";
				PRODUCT_NAME = "$(TARGET_NAME)";
				SWIFT_VERSION = 4.0;
				TARGETED_DEVICE_FAMILY = "1,2";
			};
			name = Release;
		};
		2D77CF921F76A49800AABCBE /* Debug */ = {
			isa = XCBuildConfiguration;
			buildSettings = {
				ALWAYS_EMBED_SWIFT_STANDARD_LIBRARIES = YES;
				BUNDLE_LOADER = "$(TEST_HOST)";
				CODE_SIGN_STYLE = Automatic;
				INFOPLIST_FILE = "Person UITests/Info.plist";
				LD_RUNPATH_SEARCH_PATHS = "$(inherited) @executable_path/Frameworks @loader_path/Frameworks";
				PRODUCT_BUNDLE_IDENTIFIER = "online.techinnovator.Person-UITests";
				PRODUCT_NAME = "$(TARGET_NAME)";
				SWIFT_VERSION = 4.0;
				TARGETED_DEVICE_FAMILY = "1,2";
				TEST_HOST = "$(BUILT_PRODUCTS_DIR)/Person UI.app/Person UI";
			};
			name = Debug;
		};
		2D77CF931F76A49800AABCBE /* Release */ = {
			isa = XCBuildConfiguration;
			buildSettings = {
				ALWAYS_EMBED_SWIFT_STANDARD_LIBRARIES = YES;
				BUNDLE_LOADER = "$(TEST_HOST)";
				CODE_SIGN_STYLE = Automatic;
				INFOPLIST_FILE = "Person UITests/Info.plist";
				LD_RUNPATH_SEARCH_PATHS = "$(inherited) @executable_path/Frameworks @loader_path/Frameworks";
				PRODUCT_BUNDLE_IDENTIFIER = "online.techinnovator.Person-UITests";
				PRODUCT_NAME = "$(TARGET_NAME)";
				SWIFT_VERSION = 4.0;
				TARGETED_DEVICE_FAMILY = "1,2";
				TEST_HOST = "$(BUILT_PRODUCTS_DIR)/Person UI.app/Person UI";
			};
			name = Release;
		};
		2D77CF951F76A49800AABCBE /* Debug */ = {
			isa = XCBuildConfiguration;
			buildSettings = {
				ALWAYS_EMBED_SWIFT_STANDARD_LIBRARIES = YES;
				CODE_SIGN_STYLE = Automatic;
				INFOPLIST_FILE = "Person UIUITests/Info.plist";
				LD_RUNPATH_SEARCH_PATHS = "$(inherited) @executable_path/Frameworks @loader_path/Frameworks";
				PRODUCT_BUNDLE_IDENTIFIER = "online.techinnovator.Person-UIUITests";
				PRODUCT_NAME = "$(TARGET_NAME)";
				SWIFT_VERSION = 4.0;
				TARGETED_DEVICE_FAMILY = "1,2";
				TEST_TARGET_NAME = "Person UI";
			};
			name = Debug;
		};
		2D77CF961F76A49800AABCBE /* Release */ = {
			isa = XCBuildConfiguration;
			buildSettings = {
				ALWAYS_EMBED_SWIFT_STANDARD_LIBRARIES = YES;
				CODE_SIGN_STYLE = Automatic;
				INFOPLIST_FILE = "Person UIUITests/Info.plist";
				LD_RUNPATH_SEARCH_PATHS = "$(inherited) @executable_path/Frameworks @loader_path/Frameworks";
				PRODUCT_BUNDLE_IDENTIFIER = "online.techinnovator.Person-UIUITests";
				PRODUCT_NAME = "$(TARGET_NAME)";
				SWIFT_VERSION = 4.0;
				TARGETED_DEVICE_FAMILY = "1,2";
				TEST_TARGET_NAME = "Person UI";
			};
			name = Release;
		};
/* End XCBuildConfiguration section */

/* Begin XCConfigurationList section */
		2D77CF611F76A49800AABCBE /* Build configuration list for PBXProject "Person UI" */ = {
			isa = XCConfigurationList;
			buildConfigurations = (
				2D77CF8C1F76A49800AABCBE /* Debug */,
				2D77CF8D1F76A49800AABCBE /* Release */,
			);
			defaultConfigurationIsVisible = 0;
			defaultConfigurationName = Release;
		};
		2D77CF8E1F76A49800AABCBE /* Build configuration list for PBXNativeTarget "Person UI" */ = {
			isa = XCConfigurationList;
			buildConfigurations = (
				2D77CF8F1F76A49800AABCBE /* Debug */,
				2D77CF901F76A49800AABCBE /* Release */,
			);
			defaultConfigurationIsVisible = 0;
			defaultConfigurationName = Release;
		};
		2D77CF911F76A49800AABCBE /* Build configuration list for PBXNativeTarget "Person UITests" */ = {
			isa = XCConfigurationList;
			buildConfigurations = (
				2D77CF921F76A49800AABCBE /* Debug */,
				2D77CF931F76A49800AABCBE /* Release */,
			);
			defaultConfigurationIsVisible = 0;
			defaultConfigurationName = Release;
		};
		2D77CF941F76A49800AABCBE /* Build configuration list for PBXNativeTarget "Person UIUITests" */ = {
			isa = XCConfigurationList;
			buildConfigurations = (
				2D77CF951F76A49800AABCBE /* Debug */,
				2D77CF961F76A49800AABCBE /* Release */,
			);
			defaultConfigurationIsVisible = 0;
			defaultConfigurationName = Release;
		};
/* End XCConfigurationList section */
	};
	rootObject = 2D77CF5E1F76A49800AABCBE /* Project object */;
}
